
Microsoft Visual Studio Solution File, Format Version 12.00
# Visual Studio Version 16
VisualStudioVersion = 16.0.808.0
MinimumVisualStudioVersion = 10.0.40219.1
Project("{FAE04EC0-301F-11D3-BF4B-00C04F79EFBC}") = "Twilio.Examples.Api", "Twilio.Examples.Api\Twilio.Examples.Api.csproj", "{DA090C20-9171-466F-9544-356C6AE6AC82}"
EndProject
Global
	GlobalSection(SolutionConfigurationPlatforms) = preSolution
		Debug|Any CPU = Debug|Any CPU
		Release|Any CPU = Release|Any CPU
	EndGlobalSection
	GlobalSection(ProjectConfigurationPlatforms) = postSolution
		{DA090C20-9171-466F-9544-356C6AE6AC82}.Debug|Any CPU.ActiveCfg = Debug|Any CPU
		{DA090C20-9171-466F-9544-356C6AE6AC82}.Debug|Any CPU.Build.0 = Debug|Any CPU
		{DA090C20-9171-466F-9544-356C6AE6AC82}.Release|Any CPU.ActiveCfg = Release|Any CPU
		{DA090C20-9171-466F-9544-356C6AE6AC82}.Release|Any CPU.Build.0 = Release|Any CPU
	EndGlobalSection
	GlobalSection(SolutionProperties) = preSolution
		HideSolutionNode = FALSE
	EndGlobalSection
	GlobalSection(ExtensibilityGlobals) = postSolution
		SolutionGuid = {09FD3FBC-A853-49A5-9D5C-50EDA74C7816}
	EndGlobalSection
EndGlobal
